// !$*UTF8*$!
{
	archiveVersion = 1;
	classes = {
	};
	objectVersion = 56;
	objects = {

/* Begin PBXBuildFile section */
		854787902B35C48200F8E5E9 /* AppDelegate.swift in Sources */ = {isa = PBXBuildFile; fileRef = 8547878F2B35C48200F8E5E9 /* AppDelegate.swift */; };
		854787922B35C48200F8E5E9 /* SceneDelegate.swift in Sources */ = {isa = PBXBuildFile; fileRef = 854787912B35C48200F8E5E9 /* SceneDelegate.swift */; };
		854787942B35C48200F8E5E9 /* LoginVC.swift in Sources */ = {isa = PBXBuildFile; fileRef = 854787932B35C48200F8E5E9 /* LoginVC.swift */; };
		854787992B35C48300F8E5E9 /* Assets.xcassets in Resources */ = {isa = PBXBuildFile; fileRef = 854787982B35C48300F8E5E9 /* Assets.xcassets */; };
		8547879C2B35C48300F8E5E9 /* LaunchScreen.storyboard in Resources */ = {isa = PBXBuildFile; fileRef = 8547879A2B35C48300F8E5E9 /* LaunchScreen.storyboard */; };
		854787A42B35C54300F8E5E9 /* LoginScreen.swift in Sources */ = {isa = PBXBuildFile; fileRef = 854787A32B35C54300F8E5E9 /* LoginScreen.swift */; };
		85E0B0A32B3AF950005BAB85 /* HomeVC.swift in Sources */ = {isa = PBXBuildFile; fileRef = 85E0B0A22B3AF950005BAB85 /* HomeVC.swift */; };
		85E0B0A62B3B032E005BAB85 /* HomeScreen.swift in Sources */ = {isa = PBXBuildFile; fileRef = 85E0B0A52B3B032E005BAB85 /* HomeScreen.swift */; };
/* End PBXBuildFile section */

/* Begin PBXFileReference section */
		8547878C2B35C48200F8E5E9 /* newApp.app */ = {isa = PBXFileReference; explicitFileType = wrapper.application; includeInIndex = 0; path = newApp.app; sourceTree = BUILT_PRODUCTS_DIR; };
		8547878F2B35C48200F8E5E9 /* AppDelegate.swift */ = {isa = PBXFileReference; lastKnownFileType = sourcecode.swift; path = AppDelegate.swift; sourceTree = "<group>"; };
		854787912B35C48200F8E5E9 /* SceneDelegate.swift */ = {isa = PBXFileReference; lastKnownFileType = sourcecode.swift; path = SceneDelegate.swift; sourceTree = "<group>"; };
		854787932B35C48200F8E5E9 /* LoginVC.swift */ = {isa = PBXFileReference; lastKnownFileType = sourcecode.swift; path = LoginVC.swift; sourceTree = "<group>"; };
		854787982B35C48300F8E5E9 /* Assets.xcassets */ = {isa = PBXFileReference; lastKnownFileType = folder.assetcatalog; path = Assets.xcassets; sourceTree = "<group>"; };
		8547879B2B35C48300F8E5E9 /* Base */ = {isa = PBXFileReference; lastKnownFileType = file.storyboard; name = Base; path = Base.lproj/LaunchScreen.storyboard; sourceTree = "<group>"; };
		8547879D2B35C48300F8E5E9 /* Info.plist */ = {isa = PBXFileReference; lastKnownFileType = text.plist.xml; path = Info.plist; sourceTree = "<group>"; };
		854787A32B35C54300F8E5E9 /* LoginScreen.swift */ = {isa = PBXFileReference; lastKnownFileType = sourcecode.swift; path = LoginScreen.swift; sourceTree = "<group>"; };
		85E0B0A22B3AF950005BAB85 /* HomeVC.swift */ = {isa = PBXFileReference; lastKnownFileType = sourcecode.swift; path = HomeVC.swift; sourceTree = "<group>"; };
		85E0B0A52B3B032E005BAB85 /* HomeScreen.swift */ = {isa = PBXFileReference; lastKnownFileType = sourcecode.swift; path = HomeScreen.swift; sourceTree = "<group>"; };
/* End PBXFileReference section */

/* Begin PBXFrameworksBuildPhase section */
		854787892B35C48200F8E5E9 /* Frameworks */ = {
			isa = PBXFrameworksBuildPhase;
			buildActionMask = 2147483647;
			files = (
			);
			runOnlyForDeploymentPostprocessing = 0;
		};
/* End PBXFrameworksBuildPhase section */

/* Begin PBXGroup section */
		854787832B35C48200F8E5E9 = {
			isa = PBXGroup;
			children = (
				8547878E2B35C48200F8E5E9 /* newApp */,
				8547878D2B35C48200F8E5E9 /* Products */,
			);
			sourceTree = "<group>";
		};
		8547878D2B35C48200F8E5E9 /* Products */ = {
			isa = PBXGroup;
			children = (
				8547878C2B35C48200F8E5E9 /* newApp.app */,
			);
			name = Products;
			sourceTree = "<group>";
		};
		8547878E2B35C48200F8E5E9 /* newApp */ = {
			isa = PBXGroup;
			children = (
				85E0B0A02B3AF8FF005BAB85 /* Home */,
				85E0B09F2B3AF8D8005BAB85 /* Login */,
				8547878F2B35C48200F8E5E9 /* AppDelegate.swift */,
				854787912B35C48200F8E5E9 /* SceneDelegate.swift */,
				854787982B35C48300F8E5E9 /* Assets.xcassets */,
				8547879A2B35C48300F8E5E9 /* LaunchScreen.storyboard */,
				8547879D2B35C48300F8E5E9 /* Info.plist */,
			);
			path = newApp;
			sourceTree = "<group>";
		};
		85E0B09F2B3AF8D8005BAB85 /* Login */ = {
			isa = PBXGroup;
			children = (
				854787932B35C48200F8E5E9 /* LoginVC.swift */,
				854787A32B35C54300F8E5E9 /* LoginScreen.swift */,
			);
			path = Login;
			sourceTree = "<group>";
		};
		85E0B0A02B3AF8FF005BAB85 /* Home */ = {
			isa = PBXGroup;
			children = (
				85E0B0A42B3B0309005BAB85 /* Screen */,
				85E0B0A12B3AF918005BAB85 /* VC */,
			);
			path = Home;
			sourceTree = "<group>";
		};
		85E0B0A12B3AF918005BAB85 /* VC */ = {
			isa = PBXGroup;
			children = (
				85E0B0A22B3AF950005BAB85 /* HomeVC.swift */,
			);
			path = VC;
			sourceTree = "<group>";
		};
		85E0B0A42B3B0309005BAB85 /* Screen */ = {
			isa = PBXGroup;
			children = (
				85E0B0A52B3B032E005BAB85 /* HomeScreen.swift */,
			);
			path = Screen;
			sourceTree = "<group>";
		};
/* End PBXGroup section */

/* Begin PBXNativeTarget section */
		8547878B2B35C48200F8E5E9 /* newApp */ = {
			isa = PBXNativeTarget;
			buildConfigurationList = 854787A02B35C48300F8E5E9 /* Build configuration list for PBXNativeTarget "newApp" */;
			buildPhases = (
				854787882B35C48200F8E5E9 /* Sources */,
				854787892B35C48200F8E5E9 /* Frameworks */,
				8547878A2B35C48200F8E5E9 /* Resources */,
			);
			buildRules = (
			);
			dependencies = (
			);
			name = newApp;
			productName = newApp;
			productReference = 8547878C2B35C48200F8E5E9 /* newApp.app */;
			productType = "com.apple.product-type.application";
		};
/* End PBXNativeTarget section */

/* Begin PBXProject section */
		854787842B35C48200F8E5E9 /* Project object */ = {
			isa = PBXProject;
			attributes = {
				BuildIndependentTargetsInParallel = 1;
				LastSwiftUpdateCheck = 1430;
				LastUpgradeCheck = 1430;
				TargetAttributes = {
					8547878B2B35C48200F8E5E9 = {
						CreatedOnToolsVersion = 14.3.1;
					};
				};
			};
			buildConfigurationList = 854787872B35C48200F8E5E9 /* Build configuration list for PBXProject "newApp" */;
			compatibilityVersion = "Xcode 14.0";
			developmentRegion = en;
			hasScannedForEncodings = 0;
			knownRegions = (
				en,
				Base,
			);
			mainGroup = 854787832B35C48200F8E5E9;
			productRefGroup = 8547878D2B35C48200F8E5E9 /* Products */;
			projectDirPath = "";
			projectRoot = "";
			targets = (
				8547878B2B35C48200F8E5E9 /* newApp */,
			);
		};
/* End PBXProject section */

/* Begin PBXResourcesBuildPhase section */
		8547878A2B35C48200F8E5E9 /* Resources */ = {
			isa = PBXResourcesBuildPhase;
			buildActionMask = 2147483647;
			files = (
				8547879C2B35C48300F8E5E9 /* LaunchScreen.storyboard in Resources */,
				854787992B35C48300F8E5E9 /* Assets.xcassets in Resources */,
			);
			runOnlyForDeploymentPostprocessing = 0;
		};
/* End PBXResourcesBuildPhase section */

/* Begin PBXSourcesBuildPhase section */
		854787882B35C48200F8E5E9 /* Sources */ = {
			isa = PBXSourcesBuildPhase;
			buildActionMask = 2147483647;
			files = (
				854787942B35C48200F8E5E9 /* LoginVC.swift in Sources */,
				85E0B0A32B3AF950005BAB85 /* HomeVC.swift in Sources */,
				85E0B0A62B3B032E005BAB85 /* HomeScreen.swift in Sources */,
				854787A42B35C54300F8E5E9 /* LoginScreen.swift in Sources */,
				854787902B35C48200F8E5E9 /* AppDelegate.swift in Sources */,
				854787922B35C48200F8E5E9 /* SceneDelegate.swift in Sources */,
			);
			runOnlyForDeploymentPostprocessing = 0;
		};
/* End PBXSourcesBuildPhase section */

/* Begin PBXVariantGroup section */
		8547879A2B35C48300F8E5E9 /* LaunchScreen.storyboard */ = {
			isa = PBXVariantGroup;
			children = (
				8547879B2B35C48300F8E5E9 /* Base */,
			);
			name = LaunchScreen.storyboard;
			sourceTree = "<group>";
		};
/* End PBXVariantGroup section */

/* Begin XCBuildConfiguration section */
		8547879E2B35C48300F8E5E9 /* Debug */ = {
			isa = XCBuildConfiguration;
			buildSettings = {
				ALWAYS_SEARCH_USER_PATHS = NO;
				CLANG_ANALYZER_NONNULL = YES;
				CLANG_ANALYZER_NUMBER_OBJECT_CONVERSION = YES_AGGRESSIVE;
				CLANG_CXX_LANGUAGE_STANDARD = "gnu++20";
				CLANG_ENABLE_MODULES = YES;
				CLANG_ENABLE_OBJC_ARC = YES;
				CLANG_ENABLE_OBJC_WEAK = YES;
				CLANG_WARN_BLOCK_CAPTURE_AUTORELEASING = YES;
				CLANG_WARN_BOOL_CONVERSION = YES;
				CLANG_WARN_COMMA = YES;
				CLANG_WARN_CONSTANT_CONVERSION = YES;
				CLANG_WARN_DEPRECATED_OBJC_IMPLEMENTATIONS = YES;
				CLANG_WARN_DIRECT_OBJC_ISA_USAGE = YES_ERROR;
				CLANG_WARN_DOCUMENTATION_COMMENTS = YES;
				CLANG_WARN_EMPTY_BODY = YES;
				CLANG_WARN_ENUM_CONVERSION = YES;
				CLANG_WARN_INFINITE_RECURSION = YES;
				CLANG_WARN_INT_CONVERSION = YES;
				CLANG_WARN_NON_LITERAL_NULL_CONVERSION = YES;
				CLANG_WARN_OBJC_IMPLICIT_RETAIN_SELF = YES;
				CLANG_WARN_OBJC_LITERAL_CONVERSION = YES;
				CLANG_WARN_OBJC_ROOT_CLASS = YES_ERROR;
				CLANG_WARN_QUOTED_INCLUDE_IN_FRAMEWORK_HEADER = YES;
				CLANG_WARN_RANGE_LOOP_ANALYSIS = YES;
				CLANG_WARN_STRICT_PROTOTYPES = YES;
				CLANG_WARN_SUSPICIOUS_MOVE = YES;
				CLANG_WARN_UNGUARDED_AVAILABILITY = YES_AGGRESSIVE;
				CLANG_WARN_UNREACHABLE_CODE = YES;
				CLANG_WARN__DUPLICATE_METHOD_MATCH = YES;
				COPY_PHASE_STRIP = NO;
				DEBUG_INFORMATION_FORMAT = dwarf;
				ENABLE_STRICT_OBJC_MSGSEND = YES;
				ENABLE_TESTABILITY = YES;
				GCC_C_LANGUAGE_STANDARD = gnu11;
				GCC_DYNAMIC_NO_PIC = NO;
				GCC_NO_COMMON_BLOCKS = YES;
				GCC_OPTIMIZATION_LEVEL = 0;
				GCC_PREPROCESSOR_DEFINITIONS = (
					"DEBUG=1",
					"$(inherited)",
				);
				GCC_WARN_64_TO_32_BIT_CONVERSION = YES;
				GCC_WARN_ABOUT_RETURN_TYPE = YES_ERROR;
				GCC_WARN_UNDECLARED_SELECTOR = YES;
				GCC_WARN_UNINITIALIZED_AUTOS = YES_AGGRESSIVE;
				GCC_WARN_UNUSED_FUNCTION = YES;
				GCC_WARN_UNUSED_VARIABLE = YES;
				IPHONEOS_DEPLOYMENT_TARGET = 16.4;
				MTL_ENABLE_DEBUG_INFO = INCLUDE_SOURCE;
				MTL_FAST_MATH = YES;
				ONLY_ACTIVE_ARCH = YES;
				SDKROOT = iphoneos;
				SWIFT_ACTIVE_COMPILATION_CONDITIONS = DEBUG;
				SWIFT_OPTIMIZATION_LEVEL = "-Onone";
			};
			name = Debug;
		};
		8547879F2B35C48300F8E5E9 /* Release */ = {
			isa = XCBuildConfiguration;
			buildSettings = {
				ALWAYS_SEARCH_USER_PATHS = NO;
				CLANG_ANALYZER_NONNULL = YES;
				CLANG_ANALYZER_NUMBER_OBJECT_CONVERSION = YES_AGGRESSIVE;
				CLANG_CXX_LANGUAGE_STANDARD = "gnu++20";
				CLANG_ENABLE_MODULES = YES;
				CLANG_ENABLE_OBJC_ARC = YES;
				CLANG_ENABLE_OBJC_WEAK = YES;
				CLANG_WARN_BLOCK_CAPTURE_AUTORELEASING = YES;
				CLANG_WARN_BOOL_CONVERSION = YES;
				CLANG_WARN_COMMA = YES;
				CLANG_WARN_CONSTANT_CONVERSION = YES;
				CLANG_WARN_DEPRECATED_OBJC_IMPLEMENTATIONS = YES;
				CLANG_WARN_DIRECT_OBJC_ISA_USAGE = YES_ERROR;
				CLANG_WARN_DOCUMENTATION_COMMENTS = YES;
				CLANG_WARN_EMPTY_BODY = YES;
				CLANG_WARN_ENUM_CONVERSION = YES;
				CLANG_WARN_INFINITE_RECURSION = YES;
				CLANG_WARN_INT_CONVERSION = YES;
				CLANG_WARN_NON_LITERAL_NULL_CONVERSION = YES;
				CLANG_WARN_OBJC_IMPLICIT_RETAIN_SELF = YES;
				CLANG_WARN_OBJC_LITERAL_CONVERSION = YES;
				CLANG_WARN_OBJC_ROOT_CLASS = YES_ERROR;
				CLANG_WARN_QUOTED_INCLUDE_IN_FRAMEWORK_HEADER = YES;
				CLANG_WARN_RANGE_LOOP_ANALYSIS = YES;
				CLANG_WARN_STRICT_PROTOTYPES = YES;
				CLANG_WARN_SUSPICIOUS_MOVE = YES;
				CLANG_WARN_UNGUARDED_AVAILABILITY = YES_AGGRESSIVE;
				CLANG_WARN_UNREACHABLE_CODE = YES;
				CLANG_WARN__DUPLICATE_METHOD_MATCH = YES;
				COPY_PHASE_STRIP = NO;
				DEBUG_INFORMATION_FORMAT = "dwarf-with-dsym";
				ENABLE_NS_ASSERTIONS = NO;
				ENABLE_STRICT_OBJC_MSGSEND = YES;
				GCC_C_LANGUAGE_STANDARD = gnu11;
				GCC_NO_COMMON_BLOCKS = YES;
				GCC_WARN_64_TO_32_BIT_CONVERSION = YES;
				GCC_WARN_ABOUT_RETURN_TYPE = YES_ERROR;
				GCC_WARN_UNDECLARED_SELECTOR = YES;
				GCC_WARN_UNINITIALIZED_AUTOS = YES_AGGRESSIVE;
				GCC_WARN_UNUSED_FUNCTION = YES;
				GCC_WARN_UNUSED_VARIABLE = YES;
				IPHONEOS_DEPLOYMENT_TARGET = 16.4;
				MTL_ENABLE_DEBUG_INFO = NO;
				MTL_FAST_MATH = YES;
				SDKROOT = iphoneos;
				SWIFT_COMPILATION_MODE = wholemodule;
				SWIFT_OPTIMIZATION_LEVEL = "-O";
				VALIDATE_PRODUCT = YES;
			};
			name = Release;
		};
		854787A12B35C48300F8E5E9 /* Debug */ = {
			isa = XCBuildConfiguration;
			buildSettings = {
				ASSETCATALOG_COMPILER_APPICON_NAME = AppIcon;
				ASSETCATALOG_COMPILER_GLOBAL_ACCENT_COLOR_NAME = AccentColor;
				CODE_SIGN_STYLE = Automatic;
				CURRENT_PROJECT_VERSION = 1;
				GENERATE_INFOPLIST_FILE = YES;
				INFOPLIST_FILE = newApp/Info.plist;
				INFOPLIST_KEY_UIApplicationSupportsIndirectInputEvents = YES;
				INFOPLIST_KEY_UILaunchStoryboardName = LaunchScreen;
				INFOPLIST_KEY_UIMainStoryboardFile = "";
				INFOPLIST_KEY_UISupportedInterfaceOrientations_iPad = "UIInterfaceOrientationPortrait UIInterfaceOrientationPortraitUpsideDown UIInterfaceOrientationLandscapeLeft UIInterfaceOrientationLandscapeRight";
				INFOPLIST_KEY_UISupportedInterfaceOrientations_iPhone = "UIInterfaceOrientationPortrait UIInterfaceOrientationLandscapeLeft UIInterfaceOrientationLandscapeRight";
				LD_RUNPATH_SEARCH_PATHS = (
					"$(inherited)",
					"@executable_path/Frameworks",
				);
				MARKETING_VERSION = 1.0;
				PRODUCT_BUNDLE_IDENTIFIER = backfront.newApp;
				PRODUCT_NAME = "$(TARGET_NAME)";
				SWIFT_EMIT_LOC_STRINGS = YES;
				SWIFT_VERSION = 5.0;
				TARGETED_DEVICE_FAMILY = "1,2";
			};
			name = Debug;
		};
		854787A22B35C48300F8E5E9 /* Release */ = {
			isa = XCBuildConfiguration;
			buildSettings = {
				ASSETCATALOG_COMPILER_APPICON_NAME = AppIcon;
				ASSETCATALOG_COMPILER_GLOBAL_ACCENT_COLOR_NAME = AccentColor;
				CODE_SIGN_STYLE = Automatic;
				CURRENT_PROJECT_VERSION = 1;
				GENERATE_INFOPLIST_FILE = YES;
				INFOPLIST_FILE = newApp/Info.plist;
				INFOPLIST_KEY_UIApplicationSupportsIndirectInputEvents = YES;
				INFOPLIST_KEY_UILaunchStoryboardName = LaunchScreen;
				INFOPLIST_KEY_UIMainStoryboardFile = "";
				INFOPLIST_KEY_UISupportedInterfaceOrientations_iPad = "UIInterfaceOrientationPortrait UIInterfaceOrientationPortraitUpsideDown UIInterfaceOrientationLandscapeLeft UIInterfaceOrientationLandscapeRight";
				INFOPLIST_KEY_UISupportedInterfaceOrientations_iPhone = "UIInterfaceOrientationPortrait UIInterfaceOrientationLandscapeLeft UIInterfaceOrientationLandscapeRight";
				LD_RUNPATH_SEARCH_PATHS = (
					"$(inherited)",
					"@executable_path/Frameworks",
				);
				MARKETING_VERSION = 1.0;
				PRODUCT_BUNDLE_IDENTIFIER = backfront.newApp;
				PRODUCT_NAME = "$(TARGET_NAME)";
				SWIFT_EMIT_LOC_STRINGS = YES;
				SWIFT_VERSION = 5.0;
				TARGETED_DEVICE_FAMILY = "1,2";
			};
			name = Release;
		};
/* End XCBuildConfiguration section */

/* Begin XCConfigurationList section */
		854787872B35C48200F8E5E9 /* Build configuration list for PBXProject "newApp" */ = {
			isa = XCConfigurationList;
			buildConfigurations = (
				8547879E2B35C48300F8E5E9 /* Debug */,
				8547879F2B35C48300F8E5E9 /* Release */,
			);
			defaultConfigurationIsVisible = 0;
			defaultConfigurationName = Release;
		};
		854787A02B35C48300F8E5E9 /* Build configuration list for PBXNativeTarget "newApp" */ = {
			isa = XCConfigurationList;
			buildConfigurations = (
				854787A12B35C48300F8E5E9 /* Debug */,
				854787A22B35C48300F8E5E9 /* Release */,
			);
			defaultConfigurationIsVisible = 0;
			defaultConfigurationName = Release;
		};
/* End XCConfigurationList section */
	};
	rootObject = 854787842B35C48200F8E5E9 /* Project object */;
}
